// !$*UTF8*$!
{
	archiveVersion = 1;
	classes = {
	};
	objectVersion = 46;
	objects = {

/* Begin PBXBuildFile section */
		527A63A11DB4869B001444D0 /* OfferCategoryViewController.swift in Sources */ = {isa = PBXBuildFile; fileRef = 527A63A01DB4869B001444D0 /* OfferCategoryViewController.swift */; };
		527A63A31DB539D6001444D0 /* OfferAvailableViewController.swift in Sources */ = {isa = PBXBuildFile; fileRef = 527A63A21DB539D6001444D0 /* OfferAvailableViewController.swift */; };
		527A63A81DB540F1001444D0 /* Offers.json in Resources */ = {isa = PBXBuildFile; fileRef = 527A63A51DB540F1001444D0 /* Offers.json */; };
		527A63A91DB540F1001444D0 /* Retailers.json in Resources */ = {isa = PBXBuildFile; fileRef = 527A63A61DB540F1001444D0 /* Retailers.json */; };
		527A63AA1DB540F1001444D0 /* Store Locations.json in Resources */ = {isa = PBXBuildFile; fileRef = 527A63A71DB540F1001444D0 /* Store Locations.json */; };
		527A63AE1DB55A1F001444D0 /* OfferItemManager.swift in Sources */ = {isa = PBXBuildFile; fileRef = 527A63AD1DB55A1F001444D0 /* OfferItemManager.swift */; };
		527A63B01DB7199E001444D0 /* RetailerManager.swift in Sources */ = {isa = PBXBuildFile; fileRef = 527A63AF1DB7199E001444D0 /* RetailerManager.swift */; };
		527A63B21DB7210A001444D0 /* OfferChecklistManager.swift in Sources */ = {isa = PBXBuildFile; fileRef = 527A63B11DB7210A001444D0 /* OfferChecklistManager.swift */; };
		527A63B41DB7216A001444D0 /* Retailer.swift in Sources */ = {isa = PBXBuildFile; fileRef = 527A63B31DB7216A001444D0 /* Retailer.swift */; };
		527A63B61DB7E84F001444D0 /* RetailerListViewController.swift in Sources */ = {isa = PBXBuildFile; fileRef = 527A63B51DB7E84F001444D0 /* RetailerListViewController.swift */; };
		527A63B81DB7FA9E001444D0 /* OfferCategory.swift in Sources */ = {isa = PBXBuildFile; fileRef = 527A63B71DB7FA9E001444D0 /* OfferCategory.swift */; };
		52AB13CA1DB92128000B04E6 /* RetailerTests.swift in Sources */ = {isa = PBXBuildFile; fileRef = 52AB13C91DB92128000B04E6 /* RetailerTests.swift */; };
		52ECB3A01DB17C2300CC6B65 /* AppDelegate.swift in Sources */ = {isa = PBXBuildFile; fileRef = 52ECB39F1DB17C2300CC6B65 /* AppDelegate.swift */; };
		52ECB3A21DB17C2300CC6B65 /* OfferChecklistViewController.swift in Sources */ = {isa = PBXBuildFile; fileRef = 52ECB3A11DB17C2300CC6B65 /* OfferChecklistViewController.swift */; };
		52ECB3A51DB17C2300CC6B65 /* Main.storyboard in Resources */ = {isa = PBXBuildFile; fileRef = 52ECB3A31DB17C2300CC6B65 /* Main.storyboard */; };
		52ECB3A71DB17C2300CC6B65 /* Assets.xcassets in Resources */ = {isa = PBXBuildFile; fileRef = 52ECB3A61DB17C2300CC6B65 /* Assets.xcassets */; };
		52ECB3AA1DB17C2300CC6B65 /* LaunchScreen.storyboard in Resources */ = {isa = PBXBuildFile; fileRef = 52ECB3A81DB17C2300CC6B65 /* LaunchScreen.storyboard */; };
		52ECB3B51DB17C2300CC6B65 /* IbottaFSTests.swift in Sources */ = {isa = PBXBuildFile; fileRef = 52ECB3B41DB17C2300CC6B65 /* IbottaFSTests.swift */; };
		52ECB3C01DB17C2300CC6B65 /* IbottaFSUITests.swift in Sources */ = {isa = PBXBuildFile; fileRef = 52ECB3BF1DB17C2300CC6B65 /* IbottaFSUITests.swift */; };
		52ECB3CE1DB27A9E00CC6B65 /* OfferItem.swift in Sources */ = {isa = PBXBuildFile; fileRef = 52ECB3CD1DB27A9E00CC6B65 /* OfferItem.swift */; };
		52ECB3D21DB2C0C900CC6B65 /* OfferDetailViewController.swift in Sources */ = {isa = PBXBuildFile; fileRef = 52ECB3D11DB2C0C900CC6B65 /* OfferDetailViewController.swift */; };
		52ECB3D41DB3028400CC6B65 /* UIImageView+DownloadImage.swift in Sources */ = {isa = PBXBuildFile; fileRef = 52ECB3D31DB3028400CC6B65 /* UIImageView+DownloadImage.swift */; };
		52ECB3D81DB3323000CC6B65 /* OfferCategoryManager.swift in Sources */ = {isa = PBXBuildFile; fileRef = 52ECB3D71DB3323000CC6B65 /* OfferCategoryManager.swift */; };
/* End PBXBuildFile section */

/* Begin PBXContainerItemProxy section */
		52ECB3B11DB17C2300CC6B65 /* PBXContainerItemProxy */ = {
			isa = PBXContainerItemProxy;
			containerPortal = 52ECB3941DB17C2300CC6B65 /* Project object */;
			proxyType = 1;
			remoteGlobalIDString = 52ECB39B1DB17C2300CC6B65;
			remoteInfo = IbottaFS;
		};
		52ECB3BC1DB17C2300CC6B65 /* PBXContainerItemProxy */ = {
			isa = PBXContainerItemProxy;
			containerPortal = 52ECB3941DB17C2300CC6B65 /* Project object */;
			proxyType = 1;
			remoteGlobalIDString = 52ECB39B1DB17C2300CC6B65;
			remoteInfo = IbottaFS;
		};
/* End PBXContainerItemProxy section */

/* Begin PBXFileReference section */
		527A63A01DB4869B001444D0 /* OfferCategoryViewController.swift */ = {isa = PBXFileReference; fileEncoding = 4; lastKnownFileType = sourcecode.swift; path = OfferCategoryViewController.swift; sourceTree = "<group>"; };
		527A63A21DB539D6001444D0 /* OfferAvailableViewController.swift */ = {isa = PBXFileReference; fileEncoding = 4; lastKnownFileType = sourcecode.swift; path = OfferAvailableViewController.swift; sourceTree = "<group>"; };
		527A63A51DB540F1001444D0 /* Offers.json */ = {isa = PBXFileReference; fileEncoding = 4; lastKnownFileType = text.json; path = Offers.json; sourceTree = "<group>"; };
		527A63A61DB540F1001444D0 /* Retailers.json */ = {isa = PBXFileReference; fileEncoding = 4; lastKnownFileType = text.json; path = Retailers.json; sourceTree = "<group>"; };
		527A63A71DB540F1001444D0 /* Store Locations.json */ = {isa = PBXFileReference; fileEncoding = 4; lastKnownFileType = text.json; path = "Store Locations.json"; sourceTree = "<group>"; };
		527A63AD1DB55A1F001444D0 /* OfferItemManager.swift */ = {isa = PBXFileReference; fileEncoding = 4; lastKnownFileType = sourcecode.swift; path = OfferItemManager.swift; sourceTree = "<group>"; };
		527A63AF1DB7199E001444D0 /* RetailerManager.swift */ = {isa = PBXFileReference; fileEncoding = 4; lastKnownFileType = sourcecode.swift; path = RetailerManager.swift; sourceTree = "<group>"; };
		527A63B11DB7210A001444D0 /* OfferChecklistManager.swift */ = {isa = PBXFileReference; fileEncoding = 4; lastKnownFileType = sourcecode.swift; path = OfferChecklistManager.swift; sourceTree = "<group>"; };
		527A63B31DB7216A001444D0 /* Retailer.swift */ = {isa = PBXFileReference; fileEncoding = 4; lastKnownFileType = sourcecode.swift; path = Retailer.swift; sourceTree = "<group>"; };
		527A63B51DB7E84F001444D0 /* RetailerListViewController.swift */ = {isa = PBXFileReference; fileEncoding = 4; lastKnownFileType = sourcecode.swift; path = RetailerListViewController.swift; sourceTree = "<group>"; };
		527A63B71DB7FA9E001444D0 /* OfferCategory.swift */ = {isa = PBXFileReference; fileEncoding = 4; lastKnownFileType = sourcecode.swift; path = OfferCategory.swift; sourceTree = "<group>"; };
		52AB13C91DB92128000B04E6 /* RetailerTests.swift */ = {isa = PBXFileReference; fileEncoding = 4; lastKnownFileType = sourcecode.swift; path = RetailerTests.swift; sourceTree = "<group>"; };
		52ECB39C1DB17C2300CC6B65 /* IbottaFS.app */ = {isa = PBXFileReference; explicitFileType = wrapper.application; includeInIndex = 0; path = IbottaFS.app; sourceTree = BUILT_PRODUCTS_DIR; };
		52ECB39F1DB17C2300CC6B65 /* AppDelegate.swift */ = {isa = PBXFileReference; lastKnownFileType = sourcecode.swift; path = AppDelegate.swift; sourceTree = "<group>"; };
		52ECB3A11DB17C2300CC6B65 /* OfferChecklistViewController.swift */ = {isa = PBXFileReference; lastKnownFileType = sourcecode.swift; path = OfferChecklistViewController.swift; sourceTree = "<group>"; };
		52ECB3A41DB17C2300CC6B65 /* Base */ = {isa = PBXFileReference; lastKnownFileType = file.storyboard; name = Base; path = Base.lproj/Main.storyboard; sourceTree = "<group>"; };
		52ECB3A61DB17C2300CC6B65 /* Assets.xcassets */ = {isa = PBXFileReference; lastKnownFileType = folder.assetcatalog; path = Assets.xcassets; sourceTree = "<group>"; };
		52ECB3A91DB17C2300CC6B65 /* Base */ = {isa = PBXFileReference; lastKnownFileType = file.storyboard; name = Base; path = Base.lproj/LaunchScreen.storyboard; sourceTree = "<group>"; };
		52ECB3AB1DB17C2300CC6B65 /* Info.plist */ = {isa = PBXFileReference; lastKnownFileType = text.plist.xml; path = Info.plist; sourceTree = "<group>"; };
		52ECB3B01DB17C2300CC6B65 /* IbottaFSTests.xctest */ = {isa = PBXFileReference; explicitFileType = wrapper.cfbundle; includeInIndex = 0; path = IbottaFSTests.xctest; sourceTree = BUILT_PRODUCTS_DIR; };
		52ECB3B41DB17C2300CC6B65 /* IbottaFSTests.swift */ = {isa = PBXFileReference; lastKnownFileType = sourcecode.swift; path = IbottaFSTests.swift; sourceTree = "<group>"; };
		52ECB3B61DB17C2300CC6B65 /* Info.plist */ = {isa = PBXFileReference; lastKnownFileType = text.plist.xml; path = Info.plist; sourceTree = "<group>"; };
		52ECB3BB1DB17C2300CC6B65 /* IbottaFSUITests.xctest */ = {isa = PBXFileReference; explicitFileType = wrapper.cfbundle; includeInIndex = 0; path = IbottaFSUITests.xctest; sourceTree = BUILT_PRODUCTS_DIR; };
		52ECB3BF1DB17C2300CC6B65 /* IbottaFSUITests.swift */ = {isa = PBXFileReference; lastKnownFileType = sourcecode.swift; path = IbottaFSUITests.swift; sourceTree = "<group>"; };
		52ECB3C11DB17C2300CC6B65 /* Info.plist */ = {isa = PBXFileReference; lastKnownFileType = text.plist.xml; path = Info.plist; sourceTree = "<group>"; };
		52ECB3CD1DB27A9E00CC6B65 /* OfferItem.swift */ = {isa = PBXFileReference; fileEncoding = 4; lastKnownFileType = sourcecode.swift; path = OfferItem.swift; sourceTree = "<group>"; };
		52ECB3D11DB2C0C900CC6B65 /* OfferDetailViewController.swift */ = {isa = PBXFileReference; fileEncoding = 4; lastKnownFileType = sourcecode.swift; path = OfferDetailViewController.swift; sourceTree = "<group>"; };
		52ECB3D31DB3028400CC6B65 /* UIImageView+DownloadImage.swift */ = {isa = PBXFileReference; fileEncoding = 4; lastKnownFileType = sourcecode.swift; path = "UIImageView+DownloadImage.swift"; sourceTree = "<group>"; };
		52ECB3D71DB3323000CC6B65 /* OfferCategoryManager.swift */ = {isa = PBXFileReference; fileEncoding = 4; lastKnownFileType = sourcecode.swift; path = OfferCategoryManager.swift; sourceTree = "<group>"; };
/* End PBXFileReference section */

/* Begin PBXFrameworksBuildPhase section */
		52ECB3991DB17C2300CC6B65 /* Frameworks */ = {
			isa = PBXFrameworksBuildPhase;
			buildActionMask = 2147483647;
			files = (
			);
			runOnlyForDeploymentPostprocessing = 0;
		};
		52ECB3AD1DB17C2300CC6B65 /* Frameworks */ = {
			isa = PBXFrameworksBuildPhase;
			buildActionMask = 2147483647;
			files = (
			);
			runOnlyForDeploymentPostprocessing = 0;
		};
		52ECB3B81DB17C2300CC6B65 /* Frameworks */ = {
			isa = PBXFrameworksBuildPhase;
			buildActionMask = 2147483647;
			files = (
			);
			runOnlyForDeploymentPostprocessing = 0;
		};
/* End PBXFrameworksBuildPhase section */

/* Begin PBXGroup section */
		527A63A41DB540F1001444D0 /* Data */ = {
			isa = PBXGroup;
			children = (
				527A63A51DB540F1001444D0 /* Offers.json */,
				527A63A61DB540F1001444D0 /* Retailers.json */,
				527A63A71DB540F1001444D0 /* Store Locations.json */,
			);
			name = Data;
			path = ../data;
			sourceTree = "<group>";
		};
		52B000EB1DB92CD300A936F8 /* Models */ = {
			isa = PBXGroup;
			children = (
				527A63AF1DB7199E001444D0 /* RetailerManager.swift */,
				527A63B31DB7216A001444D0 /* Retailer.swift */,
				527A63B71DB7FA9E001444D0 /* OfferCategory.swift */,
				52ECB3D71DB3323000CC6B65 /* OfferCategoryManager.swift */,
				52ECB3CD1DB27A9E00CC6B65 /* OfferItem.swift */,
				527A63AD1DB55A1F001444D0 /* OfferItemManager.swift */,
				527A63B11DB7210A001444D0 /* OfferChecklistManager.swift */,
			);
			name = Models;
			sourceTree = "<group>";
		};
		52B000EC1DB92F9D00A936F8 /* ViewControllers */ = {
			isa = PBXGroup;
			children = (
				52ECB3A11DB17C2300CC6B65 /* OfferChecklistViewController.swift */,
				52ECB3D11DB2C0C900CC6B65 /* OfferDetailViewController.swift */,
				527A63A01DB4869B001444D0 /* OfferCategoryViewController.swift */,
				527A63A21DB539D6001444D0 /* OfferAvailableViewController.swift */,
				527A63B51DB7E84F001444D0 /* RetailerListViewController.swift */,
			);
			name = ViewControllers;
			sourceTree = "<group>";
		};
		52ECB3931DB17C2300CC6B65 = {
			isa = PBXGroup;
			children = (
				52ECB39E1DB17C2300CC6B65 /* IbottaFS */,
				52ECB3B31DB17C2300CC6B65 /* IbottaFSTests */,
				52ECB3BE1DB17C2300CC6B65 /* IbottaFSUITests */,
				52ECB39D1DB17C2300CC6B65 /* Products */,
			);
			sourceTree = "<group>";
		};
		52ECB39D1DB17C2300CC6B65 /* Products */ = {
			isa = PBXGroup;
			children = (
				52ECB39C1DB17C2300CC6B65 /* IbottaFS.app */,
				52ECB3B01DB17C2300CC6B65 /* IbottaFSTests.xctest */,
				52ECB3BB1DB17C2300CC6B65 /* IbottaFSUITests.xctest */,
			);
			name = Products;
			sourceTree = "<group>";
		};
		52ECB39E1DB17C2300CC6B65 /* IbottaFS */ = {
			isa = PBXGroup;
			children = (
				52B000EC1DB92F9D00A936F8 /* ViewControllers */,
				52B000EB1DB92CD300A936F8 /* Models */,
				527A63A41DB540F1001444D0 /* Data */,
				52ECB39F1DB17C2300CC6B65 /* AppDelegate.swift */,
				52ECB3A31DB17C2300CC6B65 /* Main.storyboard */,
				52ECB3A61DB17C2300CC6B65 /* Assets.xcassets */,
				52ECB3A81DB17C2300CC6B65 /* LaunchScreen.storyboard */,
				52ECB3AB1DB17C2300CC6B65 /* Info.plist */,
				52ECB3D31DB3028400CC6B65 /* UIImageView+DownloadImage.swift */,
			);
			path = IbottaFS;
			sourceTree = "<group>";
		};
		52ECB3B31DB17C2300CC6B65 /* IbottaFSTests */ = {
			isa = PBXGroup;
			children = (
				52ECB3B41DB17C2300CC6B65 /* IbottaFSTests.swift */,
				52ECB3B61DB17C2300CC6B65 /* Info.plist */,
				52AB13C91DB92128000B04E6 /* RetailerTests.swift */,
			);
			path = IbottaFSTests;
			sourceTree = "<group>";
		};
		52ECB3BE1DB17C2300CC6B65 /* IbottaFSUITests */ = {
			isa = PBXGroup;
			children = (
				52ECB3BF1DB17C2300CC6B65 /* IbottaFSUITests.swift */,
				52ECB3C11DB17C2300CC6B65 /* Info.plist */,
			);
			path = IbottaFSUITests;
			sourceTree = "<group>";
		};
/* End PBXGroup section */

/* Begin PBXNativeTarget section */
		52ECB39B1DB17C2300CC6B65 /* IbottaFS */ = {
			isa = PBXNativeTarget;
			buildConfigurationList = 52ECB3C41DB17C2300CC6B65 /* Build configuration list for PBXNativeTarget "IbottaFS" */;
			buildPhases = (
				52ECB3981DB17C2300CC6B65 /* Sources */,
				52ECB3991DB17C2300CC6B65 /* Frameworks */,
				52ECB39A1DB17C2300CC6B65 /* Resources */,
			);
			buildRules = (
			);
			dependencies = (
			);
			name = IbottaFS;
			productName = IbottaFS;
			productReference = 52ECB39C1DB17C2300CC6B65 /* IbottaFS.app */;
			productType = "com.apple.product-type.application";
		};
		52ECB3AF1DB17C2300CC6B65 /* IbottaFSTests */ = {
			isa = PBXNativeTarget;
			buildConfigurationList = 52ECB3C71DB17C2300CC6B65 /* Build configuration list for PBXNativeTarget "IbottaFSTests" */;
			buildPhases = (
				52ECB3AC1DB17C2300CC6B65 /* Sources */,
				52ECB3AD1DB17C2300CC6B65 /* Frameworks */,
				52ECB3AE1DB17C2300CC6B65 /* Resources */,
			);
			buildRules = (
			);
			dependencies = (
				52ECB3B21DB17C2300CC6B65 /* PBXTargetDependency */,
			);
			name = IbottaFSTests;
			productName = IbottaFSTests;
			productReference = 52ECB3B01DB17C2300CC6B65 /* IbottaFSTests.xctest */;
			productType = "com.apple.product-type.bundle.unit-test";
		};
		52ECB3BA1DB17C2300CC6B65 /* IbottaFSUITests */ = {
			isa = PBXNativeTarget;
			buildConfigurationList = 52ECB3CA1DB17C2300CC6B65 /* Build configuration list for PBXNativeTarget "IbottaFSUITests" */;
			buildPhases = (
				52ECB3B71DB17C2300CC6B65 /* Sources */,
				52ECB3B81DB17C2300CC6B65 /* Frameworks */,
				52ECB3B91DB17C2300CC6B65 /* Resources */,
			);
			buildRules = (
			);
			dependencies = (
				52ECB3BD1DB17C2300CC6B65 /* PBXTargetDependency */,
			);
			name = IbottaFSUITests;
			productName = IbottaFSUITests;
			productReference = 52ECB3BB1DB17C2300CC6B65 /* IbottaFSUITests.xctest */;
			productType = "com.apple.product-type.bundle.ui-testing";
		};
/* End PBXNativeTarget section */

/* Begin PBXProject section */
		52ECB3941DB17C2300CC6B65 /* Project object */ = {
			isa = PBXProject;
			attributes = {
				LastSwiftUpdateCheck = 0730;
				LastUpgradeCheck = 0800;
				ORGANIZATIONNAME = "Sunfish Empire";
				TargetAttributes = {
					52ECB39B1DB17C2300CC6B65 = {
						CreatedOnToolsVersion = 7.3.1;
						DevelopmentTeam = K97KHP3ZWG;
						LastSwiftMigration = 0800;
						ProvisioningStyle = Manual;
					};
					52ECB3AF1DB17C2300CC6B65 = {
						CreatedOnToolsVersion = 7.3.1;
						LastSwiftMigration = 0800;
						TestTargetID = 52ECB39B1DB17C2300CC6B65;
					};
					52ECB3BA1DB17C2300CC6B65 = {
						CreatedOnToolsVersion = 7.3.1;
						LastSwiftMigration = 0800;
						TestTargetID = 52ECB39B1DB17C2300CC6B65;
					};
				};
			};
			buildConfigurationList = 52ECB3971DB17C2300CC6B65 /* Build configuration list for PBXProject "IbottaFS" */;
			compatibilityVersion = "Xcode 3.2";
			developmentRegion = English;
			hasScannedForEncodings = 0;
			knownRegions = (
				en,
				Base,
			);
			mainGroup = 52ECB3931DB17C2300CC6B65;
			productRefGroup = 52ECB39D1DB17C2300CC6B65 /* Products */;
			projectDirPath = "";
			projectRoot = "";
			targets = (
				52ECB39B1DB17C2300CC6B65 /* IbottaFS */,
				52ECB3AF1DB17C2300CC6B65 /* IbottaFSTests */,
				52ECB3BA1DB17C2300CC6B65 /* IbottaFSUITests */,
			);
		};
/* End PBXProject section */

/* Begin PBXResourcesBuildPhase section */
		52ECB39A1DB17C2300CC6B65 /* Resources */ = {
			isa = PBXResourcesBuildPhase;
			buildActionMask = 2147483647;
			files = (
				527A63A91DB540F1001444D0 /* Retailers.json in Resources */,
				527A63AA1DB540F1001444D0 /* Store Locations.json in Resources */,
				527A63A81DB540F1001444D0 /* Offers.json in Resources */,
				52ECB3AA1DB17C2300CC6B65 /* LaunchScreen.storyboard in Resources */,
				52ECB3A71DB17C2300CC6B65 /* Assets.xcassets in Resources */,
				52ECB3A51DB17C2300CC6B65 /* Main.storyboard in Resources */,
			);
			runOnlyForDeploymentPostprocessing = 0;
		};
		52ECB3AE1DB17C2300CC6B65 /* Resources */ = {
			isa = PBXResourcesBuildPhase;
			buildActionMask = 2147483647;
			files = (
			);
			runOnlyForDeploymentPostprocessing = 0;
		};
		52ECB3B91DB17C2300CC6B65 /* Resources */ = {
			isa = PBXResourcesBuildPhase;
			buildActionMask = 2147483647;
			files = (
			);
			runOnlyForDeploymentPostprocessing = 0;
		};
/* End PBXResourcesBuildPhase section */

/* Begin PBXSourcesBuildPhase section */
		52ECB3981DB17C2300CC6B65 /* Sources */ = {
			isa = PBXSourcesBuildPhase;
			buildActionMask = 2147483647;
			files = (
				527A63B61DB7E84F001444D0 /* RetailerListViewController.swift in Sources */,
				527A63B21DB7210A001444D0 /* OfferChecklistManager.swift in Sources */,
				52ECB3D21DB2C0C900CC6B65 /* OfferDetailViewController.swift in Sources */,
				52ECB3D81DB3323000CC6B65 /* OfferCategoryManager.swift in Sources */,
				527A63A11DB4869B001444D0 /* OfferCategoryViewController.swift in Sources */,
				527A63A31DB539D6001444D0 /* OfferAvailableViewController.swift in Sources */,
				527A63B81DB7FA9E001444D0 /* OfferCategory.swift in Sources */,
				52ECB3CE1DB27A9E00CC6B65 /* OfferItem.swift in Sources */,
				52ECB3A21DB17C2300CC6B65 /* OfferChecklistViewController.swift in Sources */,
				52ECB3A01DB17C2300CC6B65 /* AppDelegate.swift in Sources */,
				527A63B01DB7199E001444D0 /* RetailerManager.swift in Sources */,
				527A63B41DB7216A001444D0 /* Retailer.swift in Sources */,
				52ECB3D41DB3028400CC6B65 /* UIImageView+DownloadImage.swift in Sources */,
				527A63AE1DB55A1F001444D0 /* OfferItemManager.swift in Sources */,
			);
			runOnlyForDeploymentPostprocessing = 0;
		};
		52ECB3AC1DB17C2300CC6B65 /* Sources */ = {
			isa = PBXSourcesBuildPhase;
			buildActionMask = 2147483647;
			files = (
				52ECB3B51DB17C2300CC6B65 /* IbottaFSTests.swift in Sources */,
				52AB13CA1DB92128000B04E6 /* RetailerTests.swift in Sources */,
			);
			runOnlyForDeploymentPostprocessing = 0;
		};
		52ECB3B71DB17C2300CC6B65 /* Sources */ = {
			isa = PBXSourcesBuildPhase;
			buildActionMask = 2147483647;
			files = (
				52ECB3C01DB17C2300CC6B65 /* IbottaFSUITests.swift in Sources */,
			);
			runOnlyForDeploymentPostprocessing = 0;
		};
/* End PBXSourcesBuildPhase section */

/* Begin PBXTargetDependency section */
		52ECB3B21DB17C2300CC6B65 /* PBXTargetDependency */ = {
			isa = PBXTargetDependency;
			target = 52ECB39B1DB17C2300CC6B65 /* IbottaFS */;
			targetProxy = 52ECB3B11DB17C2300CC6B65 /* PBXContainerItemProxy */;
		};
		52ECB3BD1DB17C2300CC6B65 /* PBXTargetDependency */ = {
			isa = PBXTargetDependency;
			target = 52ECB39B1DB17C2300CC6B65 /* IbottaFS */;
			targetProxy = 52ECB3BC1DB17C2300CC6B65 /* PBXContainerItemProxy */;
		};
/* End PBXTargetDependency section */

/* Begin PBXVariantGroup section */
		52ECB3A31DB17C2300CC6B65 /* Main.storyboard */ = {
			isa = PBXVariantGroup;
			children = (
				52ECB3A41DB17C2300CC6B65 /* Base */,
			);
			name = Main.storyboard;
			sourceTree = "<group>";
		};
		52ECB3A81DB17C2300CC6B65 /* LaunchScreen.storyboard */ = {
			isa = PBXVariantGroup;
			children = (
				52ECB3A91DB17C2300CC6B65 /* Base */,
			);
			name = LaunchScreen.storyboard;
			sourceTree = "<group>";
		};
/* End PBXVariantGroup section */

/* Begin XCBuildConfiguration section */
		52ECB3C21DB17C2300CC6B65 /* Debug */ = {
			isa = XCBuildConfiguration;
			buildSettings = {
				ALWAYS_SEARCH_USER_PATHS = NO;
				CLANG_ANALYZER_NONNULL = YES;
				CLANG_CXX_LANGUAGE_STANDARD = "gnu++0x";
				CLANG_CXX_LIBRARY = "libc++";
				CLANG_ENABLE_MODULES = YES;
				CLANG_ENABLE_OBJC_ARC = YES;
				CLANG_WARN_BOOL_CONVERSION = YES;
				CLANG_WARN_CONSTANT_CONVERSION = YES;
				CLANG_WARN_DIRECT_OBJC_ISA_USAGE = YES_ERROR;
				CLANG_WARN_EMPTY_BODY = YES;
				CLANG_WARN_ENUM_CONVERSION = YES;
				CLANG_WARN_INFINITE_RECURSION = YES;
				CLANG_WARN_INT_CONVERSION = YES;
				CLANG_WARN_OBJC_ROOT_CLASS = YES_ERROR;
				CLANG_WARN_SUSPICIOUS_MOVE = YES;
				CLANG_WARN_UNREACHABLE_CODE = YES;
				CLANG_WARN__DUPLICATE_METHOD_MATCH = YES;
				"CODE_SIGN_IDENTITY[sdk=iphoneos*]" = "iPhone Developer";
				COPY_PHASE_STRIP = NO;
				DEBUG_INFORMATION_FORMAT = dwarf;
				ENABLE_STRICT_OBJC_MSGSEND = YES;
				ENABLE_TESTABILITY = YES;
				GCC_C_LANGUAGE_STANDARD = gnu99;
				GCC_DYNAMIC_NO_PIC = NO;
				GCC_NO_COMMON_BLOCKS = YES;
				GCC_OPTIMIZATION_LEVEL = 0;
				GCC_PREPROCESSOR_DEFINITIONS = (
					"DEBUG=1",
					"$(inherited)",
				);
				GCC_WARN_64_TO_32_BIT_CONVERSION = YES;
				GCC_WARN_ABOUT_RETURN_TYPE = YES_ERROR;
				GCC_WARN_UNDECLARED_SELECTOR = YES;
				GCC_WARN_UNINITIALIZED_AUTOS = YES_AGGRESSIVE;
				GCC_WARN_UNUSED_FUNCTION = YES;
				GCC_WARN_UNUSED_VARIABLE = YES;
				IPHONEOS_DEPLOYMENT_TARGET = 9.3;
				MTL_ENABLE_DEBUG_INFO = YES;
				ONLY_ACTIVE_ARCH = YES;
				SDKROOT = iphoneos;
				SWIFT_OPTIMIZATION_LEVEL = "-Onone";
			};
			name = Debug;
		};
		52ECB3C31DB17C2300CC6B65 /* Release */ = {
			isa = XCBuildConfiguration;
			buildSettings = {
				ALWAYS_SEARCH_USER_PATHS = NO;
				CLANG_ANALYZER_NONNULL = YES;
				CLANG_CXX_LANGUAGE_STANDARD = "gnu++0x";
				CLANG_CXX_LIBRARY = "libc++";
				CLANG_ENABLE_MODULES = YES;
				CLANG_ENABLE_OBJC_ARC = YES;
				CLANG_WARN_BOOL_CONVERSION = YES;
				CLANG_WARN_CONSTANT_CONVERSION = YES;
				CLANG_WARN_DIRECT_OBJC_ISA_USAGE = YES_ERROR;
				CLANG_WARN_EMPTY_BODY = YES;
				CLANG_WARN_ENUM_CONVERSION = YES;
				CLANG_WARN_INFINITE_RECURSION = YES;
				CLANG_WARN_INT_CONVERSION = YES;
				CLANG_WARN_OBJC_ROOT_CLASS = YES_ERROR;
				CLANG_WARN_SUSPICIOUS_MOVE = YES;
				CLANG_WARN_UNREACHABLE_CODE = YES;
				CLANG_WARN__DUPLICATE_METHOD_MATCH = YES;
				"CODE_SIGN_IDENTITY[sdk=iphoneos*]" = "iPhone Developer";
				COPY_PHASE_STRIP = NO;
				DEBUG_INFORMATION_FORMAT = "dwarf-with-dsym";
				ENABLE_NS_ASSERTIONS = NO;
				ENABLE_STRICT_OBJC_MSGSEND = YES;
				GCC_C_LANGUAGE_STANDARD = gnu99;
				GCC_NO_COMMON_BLOCKS = YES;
				GCC_WARN_64_TO_32_BIT_CONVERSION = YES;
				GCC_WARN_ABOUT_RETURN_TYPE = YES_ERROR;
				GCC_WARN_UNDECLARED_SELECTOR = YES;
				GCC_WARN_UNINITIALIZED_AUTOS = YES_AGGRESSIVE;
				GCC_WARN_UNUSED_FUNCTION = YES;
				GCC_WARN_UNUSED_VARIABLE = YES;
				IPHONEOS_DEPLOYMENT_TARGET = 9.3;
				MTL_ENABLE_DEBUG_INFO = NO;
				SDKROOT = iphoneos;
				SWIFT_OPTIMIZATION_LEVEL = "-Owholemodule";
				VALIDATE_PRODUCT = YES;
			};
			name = Release;
		};
		52ECB3C51DB17C2300CC6B65 /* Debug */ = {
			isa = XCBuildConfiguration;
			buildSettings = {
				ASSETCATALOG_COMPILER_APPICON_NAME = AppIcon;
				"CODE_SIGN_IDENTITY[sdk=iphoneos*]" = "iPhone Developer";
				DEVELOPMENT_TEAM = K97KHP3ZWG;
				INFOPLIST_FILE = IbottaFS/Info.plist;
				LD_RUNPATH_SEARCH_PATHS = "$(inherited) @executable_path/Frameworks";
				PRODUCT_BUNDLE_IDENTIFIER = com.sunfishempire.IbottaFS;
				PRODUCT_NAME = "$(TARGET_NAME)";
				PROVISIONING_PROFILE = "044f923d-5065-473f-a4fe-727ed4f72424";
				PROVISIONING_PROFILE_SPECIFIER = VuiNguyenProvision2016;
				SWIFT_VERSION = 2.3;
			};
			name = Debug;
		};
		52ECB3C61DB17C2300CC6B65 /* Release */ = {
			isa = XCBuildConfiguration;
			buildSettings = {
				ASSETCATALOG_COMPILER_APPICON_NAME = AppIcon;
				"CODE_SIGN_IDENTITY[sdk=iphoneos*]" = "iPhone Developer";
				DEVELOPMENT_TEAM = K97KHP3ZWG;
				INFOPLIST_FILE = IbottaFS/Info.plist;
				LD_RUNPATH_SEARCH_PATHS = "$(inherited) @executable_path/Frameworks";
				PRODUCT_BUNDLE_IDENTIFIER = com.sunfishempire.IbottaFS;
				PRODUCT_NAME = "$(TARGET_NAME)";
				PROVISIONING_PROFILE = "1c1cebf6-4efe-4dd7-a4c6-4f6edaa31c0f";
				PROVISIONING_PROFILE_SPECIFIER = VuiNguyenProvision2016;
				SWIFT_VERSION = 2.3;
			};
			name = Release;
		};
		52ECB3C81DB17C2300CC6B65 /* Debug */ = {
			isa = XCBuildConfiguration;
			buildSettings = {
				BUNDLE_LOADER = "$(TEST_HOST)";
				INFOPLIST_FILE = IbottaFSTests/Info.plist;
				LD_RUNPATH_SEARCH_PATHS = "$(inherited) @executable_path/Frameworks @loader_path/Frameworks";
				PRODUCT_BUNDLE_IDENTIFIER = com.sunfishempire.IbottaFSTests;
				PRODUCT_NAME = "$(TARGET_NAME)";
				SWIFT_VERSION = 2.3;
				TEST_HOST = "$(BUILT_PRODUCTS_DIR)/IbottaFS.app/IbottaFS";
			};
			name = Debug;
		};
		52ECB3C91DB17C2300CC6B65 /* Release */ = {
			isa = XCBuildConfiguration;
			buildSettings = {
				BUNDLE_LOADER = "$(TEST_HOST)";
				INFOPLIST_FILE = IbottaFSTests/Info.plist;
				LD_RUNPATH_SEARCH_PATHS = "$(inherited) @executable_path/Frameworks @loader_path/Frameworks";
				PRODUCT_BUNDLE_IDENTIFIER = com.sunfishempire.IbottaFSTests;
				PRODUCT_NAME = "$(TARGET_NAME)";
				SWIFT_VERSION = 2.3;
				TEST_HOST = "$(BUILT_PRODUCTS_DIR)/IbottaFS.app/IbottaFS";
			};
			name = Release;
		};
		52ECB3CB1DB17C2300CC6B65 /* Debug */ = {
			isa = XCBuildConfiguration;
			buildSettings = {
				INFOPLIST_FILE = IbottaFSUITests/Info.plist;
				LD_RUNPATH_SEARCH_PATHS = "$(inherited) @executable_path/Frameworks @loader_path/Frameworks";
				PRODUCT_BUNDLE_IDENTIFIER = com.sunfishempire.IbottaFSUITests;
				PRODUCT_NAME = "$(TARGET_NAME)";
				SWIFT_VERSION = 2.3;
				TEST_TARGET_NAME = IbottaFS;
			};
			name = Debug;
		};
		52ECB3CC1DB17C2300CC6B65 /* Release */ = {
			isa = XCBuildConfiguration;
			buildSettings = {
				INFOPLIST_FILE = IbottaFSUITests/Info.plist;
				LD_RUNPATH_SEARCH_PATHS = "$(inherited) @executable_path/Frameworks @loader_path/Frameworks";
				PRODUCT_BUNDLE_IDENTIFIER = com.sunfishempire.IbottaFSUITests;
				PRODUCT_NAME = "$(TARGET_NAME)";
				SWIFT_VERSION = 2.3;
				TEST_TARGET_NAME = IbottaFS;
			};
			name = Release;
		};
/* End XCBuildConfiguration section */

/* Begin XCConfigurationList section */
		52ECB3971DB17C2300CC6B65 /* Build configuration list for PBXProject "IbottaFS" */ = {
			isa = XCConfigurationList;
			buildConfigurations = (
				52ECB3C21DB17C2300CC6B65 /* Debug */,
				52ECB3C31DB17C2300CC6B65 /* Release */,
			);
			defaultConfigurationIsVisible = 0;
			defaultConfigurationName = Release;
		};
		52ECB3C41DB17C2300CC6B65 /* Build configuration list for PBXNativeTarget "IbottaFS" */ = {
			isa = XCConfigurationList;
			buildConfigurations = (
				52ECB3C51DB17C2300CC6B65 /* Debug */,
				52ECB3C61DB17C2300CC6B65 /* Release */,
			);
			defaultConfigurationIsVisible = 0;
			defaultConfigurationName = Release;
		};
		52ECB3C71DB17C2300CC6B65 /* Build configuration list for PBXNativeTarget "IbottaFSTests" */ = {
			isa = XCConfigurationList;
			buildConfigurations = (
				52ECB3C81DB17C2300CC6B65 /* Debug */,
				52ECB3C91DB17C2300CC6B65 /* Release */,
			);
			defaultConfigurationIsVisible = 0;
			defaultConfigurationName = Release;
		};
		52ECB3CA1DB17C2300CC6B65 /* Build configuration list for PBXNativeTarget "IbottaFSUITests" */ = {
			isa = XCConfigurationList;
			buildConfigurations = (
				52ECB3CB1DB17C2300CC6B65 /* Debug */,
				52ECB3CC1DB17C2300CC6B65 /* Release */,
			);
			defaultConfigurationIsVisible = 0;
			defaultConfigurationName = Release;
		};
/* End XCConfigurationList section */
	};
	rootObject = 52ECB3941DB17C2300CC6B65 /* Project object */;
}
